// !$*UTF8*$!
{
	archiveVersion = 1;
	classes = {
	};
	objectVersion = 46;
	objects = {

/* Begin PBXBuildFile section */
		2B90034865D348A935E7C717 /* libPods-Map.a in Frameworks */ = {isa = PBXBuildFile; fileRef = E9F922BB3E40B808B2AAA7C2 /* libPods-Map.a */; };
		8613E3EE1F14CBC300C3C8FF /* AppDelegate.swift in Sources */ = {isa = PBXBuildFile; fileRef = 8613E3ED1F14CBC300C3C8FF /* AppDelegate.swift */; };
		8613E3F31F14CBC300C3C8FF /* Main.storyboard in Resources */ = {isa = PBXBuildFile; fileRef = 8613E3F11F14CBC300C3C8FF /* Main.storyboard */; };
		8613E3F51F14CBC300C3C8FF /* Assets.xcassets in Resources */ = {isa = PBXBuildFile; fileRef = 8613E3F41F14CBC300C3C8FF /* Assets.xcassets */; };
		8613E3F81F14CBC300C3C8FF /* LaunchScreen.storyboard in Resources */ = {isa = PBXBuildFile; fileRef = 8613E3F61F14CBC300C3C8FF /* LaunchScreen.storyboard */; };
		8613E4051F14D31100C3C8FF /* SignupViewController.swift in Sources */ = {isa = PBXBuildFile; fileRef = 8613E4041F14D31100C3C8FF /* SignupViewController.swift */; };
		8622F8071F170A1A007BF9FD /* HomeViewController.swift in Sources */ = {isa = PBXBuildFile; fileRef = 8622F8061F170A1A007BF9FD /* HomeViewController.swift */; };
		8622F80A1F1727FB007BF9FD /* UserTableViewCell.swift in Sources */ = {isa = PBXBuildFile; fileRef = 8622F8091F1727FB007BF9FD /* UserTableViewCell.swift */; };
		8622F80C1F172C06007BF9FD /* ListUserTableViewController.swift in Sources */ = {isa = PBXBuildFile; fileRef = 8622F80B1F172C06007BF9FD /* ListUserTableViewController.swift */; };
		869113931F14E7F000C69422 /* LoginViewController.swift in Sources */ = {isa = PBXBuildFile; fileRef = 869113921F14E7F000C69422 /* LoginViewController.swift */; };
		869113961F14E9B400C69422 /* ExtensionUIColor.swift in Sources */ = {isa = PBXBuildFile; fileRef = 869113951F14E9B400C69422 /* ExtensionUIColor.swift */; };
		86B94E031F1DC84B00078C1B /* CountryCodes.json in Resources */ = {isa = PBXBuildFile; fileRef = 86B94E021F1DC84B00078C1B /* CountryCodes.json */; };
		86B94E091F1DCCA900078C1B /* Country.swift in Sources */ = {isa = PBXBuildFile; fileRef = 86B94E081F1DCCA900078C1B /* Country.swift */; };
		86BD4A361F176A8C00F51FFA /* SWRevealViewController.m in Sources */ = {isa = PBXBuildFile; fileRef = 86BD4A351F176A8C00F51FFA /* SWRevealViewController.m */; };
		86BD4A381F176FB800F51FFA /* MapViewController.swift in Sources */ = {isa = PBXBuildFile; fileRef = 86BD4A371F176FB800F51FFA /* MapViewController.swift */; };
		86BD4A3A1F176FDC00F51FFA /* ChatViewController.swift in Sources */ = {isa = PBXBuildFile; fileRef = 86BD4A391F176FDC00F51FFA /* ChatViewController.swift */; };
		86BD4A3C1F176FF300F51FFA /* SettingsViewController.swift in Sources */ = {isa = PBXBuildFile; fileRef = 86BD4A3B1F176FF300F51FFA /* SettingsViewController.swift */; };
		86BD4A3E1F17721900F51FFA /* MenuViewController.swift in Sources */ = {isa = PBXBuildFile; fileRef = 86BD4A3D1F17721900F51FFA /* MenuViewController.swift */; };
		86BD4A401F1778D200F51FFA /* ListFriendsTableViewController.swift in Sources */ = {isa = PBXBuildFile; fileRef = 86BD4A3F1F1778D200F51FFA /* ListFriendsTableViewController.swift */; };
		86DEDAAB1F2043E200DD1161 /* GoogleService-Info.plist in Resources */ = {isa = PBXBuildFile; fileRef = 86DEDAAA1F2043E200DD1161 /* GoogleService-Info.plist */; };
/* End PBXBuildFile section */

/* Begin PBXFileReference section */
		3DD52ED925223ACFB6D78F97 /* Pods-Map.release.xcconfig */ = {isa = PBXFileReference; includeInIndex = 1; lastKnownFileType = text.xcconfig; name = "Pods-Map.release.xcconfig"; path = "Pods/Target Support Files/Pods-Map/Pods-Map.release.xcconfig"; sourceTree = "<group>"; };
		50BB585571737479B7B6A9CD /* Pods-Map.debug.xcconfig */ = {isa = PBXFileReference; includeInIndex = 1; lastKnownFileType = text.xcconfig; name = "Pods-Map.debug.xcconfig"; path = "Pods/Target Support Files/Pods-Map/Pods-Map.debug.xcconfig"; sourceTree = "<group>"; };
		8613E3EA1F14CBC300C3C8FF /* Map.app */ = {isa = PBXFileReference; explicitFileType = wrapper.application; includeInIndex = 0; path = Map.app; sourceTree = BUILT_PRODUCTS_DIR; };
		8613E3ED1F14CBC300C3C8FF /* AppDelegate.swift */ = {isa = PBXFileReference; lastKnownFileType = sourcecode.swift; path = AppDelegate.swift; sourceTree = "<group>"; };
		8613E3F21F14CBC300C3C8FF /* Base */ = {isa = PBXFileReference; lastKnownFileType = file.storyboard; name = Base; path = Base.lproj/Main.storyboard; sourceTree = "<group>"; };
		8613E3F41F14CBC300C3C8FF /* Assets.xcassets */ = {isa = PBXFileReference; lastKnownFileType = folder.assetcatalog; path = Assets.xcassets; sourceTree = "<group>"; };
		8613E3F71F14CBC300C3C8FF /* Base */ = {isa = PBXFileReference; lastKnownFileType = file.storyboard; name = Base; path = Base.lproj/LaunchScreen.storyboard; sourceTree = "<group>"; };
		8613E3F91F14CBC300C3C8FF /* Info.plist */ = {isa = PBXFileReference; lastKnownFileType = text.plist.xml; path = Info.plist; sourceTree = "<group>"; };
		8613E4041F14D31100C3C8FF /* SignupViewController.swift */ = {isa = PBXFileReference; fileEncoding = 4; lastKnownFileType = sourcecode.swift; path = SignupViewController.swift; sourceTree = "<group>"; };
		8622F8061F170A1A007BF9FD /* HomeViewController.swift */ = {isa = PBXFileReference; fileEncoding = 4; lastKnownFileType = sourcecode.swift; path = HomeViewController.swift; sourceTree = "<group>"; };
		8622F8091F1727FB007BF9FD /* UserTableViewCell.swift */ = {isa = PBXFileReference; fileEncoding = 4; lastKnownFileType = sourcecode.swift; path = UserTableViewCell.swift; sourceTree = "<group>"; };
		8622F80B1F172C06007BF9FD /* ListUserTableViewController.swift */ = {isa = PBXFileReference; fileEncoding = 4; lastKnownFileType = sourcecode.swift; path = ListUserTableViewController.swift; sourceTree = "<group>"; };
		869113921F14E7F000C69422 /* LoginViewController.swift */ = {isa = PBXFileReference; fileEncoding = 4; lastKnownFileType = sourcecode.swift; path = LoginViewController.swift; sourceTree = "<group>"; };
		869113951F14E9B400C69422 /* ExtensionUIColor.swift */ = {isa = PBXFileReference; fileEncoding = 4; lastKnownFileType = sourcecode.swift; path = ExtensionUIColor.swift; sourceTree = "<group>"; };
		86B94E021F1DC84B00078C1B /* CountryCodes.json */ = {isa = PBXFileReference; fileEncoding = 4; lastKnownFileType = text.json; path = CountryCodes.json; sourceTree = "<group>"; };
		86B94E081F1DCCA900078C1B /* Country.swift */ = {isa = PBXFileReference; fileEncoding = 4; lastKnownFileType = sourcecode.swift; path = Country.swift; sourceTree = "<group>"; };
		86BD4A321F176A8B00F51FFA /* Map-Bridging-Header.h */ = {isa = PBXFileReference; lastKnownFileType = sourcecode.c.h; path = "Map-Bridging-Header.h"; sourceTree = "<group>"; };
		86BD4A331F176A8C00F51FFA /* SidebarMenu-Bridging-Header.h */ = {isa = PBXFileReference; fileEncoding = 4; lastKnownFileType = sourcecode.c.h; path = "SidebarMenu-Bridging-Header.h"; sourceTree = "<group>"; };
		86BD4A341F176A8C00F51FFA /* SWRevealViewController.h */ = {isa = PBXFileReference; fileEncoding = 4; lastKnownFileType = sourcecode.c.h; path = SWRevealViewController.h; sourceTree = "<group>"; };
		86BD4A351F176A8C00F51FFA /* SWRevealViewController.m */ = {isa = PBXFileReference; fileEncoding = 4; lastKnownFileType = sourcecode.c.objc; path = SWRevealViewController.m; sourceTree = "<group>"; };
		86BD4A371F176FB800F51FFA /* MapViewController.swift */ = {isa = PBXFileReference; fileEncoding = 4; lastKnownFileType = sourcecode.swift; path = MapViewController.swift; sourceTree = "<group>"; };
		86BD4A391F176FDC00F51FFA /* ChatViewController.swift */ = {isa = PBXFileReference; fileEncoding = 4; lastKnownFileType = sourcecode.swift; path = ChatViewController.swift; sourceTree = "<group>"; };
		86BD4A3B1F176FF300F51FFA /* SettingsViewController.swift */ = {isa = PBXFileReference; fileEncoding = 4; lastKnownFileType = sourcecode.swift; path = SettingsViewController.swift; sourceTree = "<group>"; };
		86BD4A3D1F17721900F51FFA /* MenuViewController.swift */ = {isa = PBXFileReference; fileEncoding = 4; lastKnownFileType = sourcecode.swift; path = MenuViewController.swift; sourceTree = "<group>"; };
		86BD4A3F1F1778D200F51FFA /* ListFriendsTableViewController.swift */ = {isa = PBXFileReference; fileEncoding = 4; lastKnownFileType = sourcecode.swift; path = ListFriendsTableViewController.swift; sourceTree = "<group>"; };
		86DEDAAA1F2043E200DD1161 /* GoogleService-Info.plist */ = {isa = PBXFileReference; fileEncoding = 4; lastKnownFileType = text.plist.xml; path = "GoogleService-Info.plist"; sourceTree = "<group>"; };
		E9F922BB3E40B808B2AAA7C2 /* libPods-Map.a */ = {isa = PBXFileReference; explicitFileType = archive.ar; includeInIndex = 0; path = "libPods-Map.a"; sourceTree = BUILT_PRODUCTS_DIR; };
/* End PBXFileReference section */

/* Begin PBXFrameworksBuildPhase section */
		8613E3E71F14CBC300C3C8FF /* Frameworks */ = {
			isa = PBXFrameworksBuildPhase;
			buildActionMask = 2147483647;
			files = (
				2B90034865D348A935E7C717 /* libPods-Map.a in Frameworks */,
			);
			runOnlyForDeploymentPostprocessing = 0;
		};
/* End PBXFrameworksBuildPhase section */

/* Begin PBXGroup section */
		8613E3E11F14CBC300C3C8FF = {
			isa = PBXGroup;
			children = (
				8613E3EC1F14CBC300C3C8FF /* Map */,
				8613E3EB1F14CBC300C3C8FF /* Products */,
				8D51622F4364FCF19D3DD6B9 /* Pods */,
				987CA5E3A729F8E93B280BBC /* Frameworks */,
			);
			sourceTree = "<group>";
		};
		8613E3EB1F14CBC300C3C8FF /* Products */ = {
			isa = PBXGroup;
			children = (
				8613E3EA1F14CBC300C3C8FF /* Map.app */,
			);
			name = Products;
			sourceTree = "<group>";
		};
		8613E3EC1F14CBC300C3C8FF /* Map */ = {
			isa = PBXGroup;
			children = (
				8622F8081F1727E0007BF9FD /* Cell */,
				869113941F14E99900C69422 /* Helper */,
				8613E3FF1F14D2D800C3C8FF /* Controller */,
				8613E3ED1F14CBC300C3C8FF /* AppDelegate.swift */,
				8613E3F11F14CBC300C3C8FF /* Main.storyboard */,
				8613E3F41F14CBC300C3C8FF /* Assets.xcassets */,
				8613E3F61F14CBC300C3C8FF /* LaunchScreen.storyboard */,
				86DEDAAA1F2043E200DD1161 /* GoogleService-Info.plist */,
				8613E3F91F14CBC300C3C8FF /* Info.plist */,
			);
			path = Map;
			sourceTree = "<group>";
		};
		8613E3FF1F14D2D800C3C8FF /* Controller */ = {
			isa = PBXGroup;
			children = (
				86BD4A331F176A8C00F51FFA /* SidebarMenu-Bridging-Header.h */,
				86BD4A341F176A8C00F51FFA /* SWRevealViewController.h */,
				86BD4A351F176A8C00F51FFA /* SWRevealViewController.m */,
				8613E4041F14D31100C3C8FF /* SignupViewController.swift */,
				869113921F14E7F000C69422 /* LoginViewController.swift */,
				8622F8061F170A1A007BF9FD /* HomeViewController.swift */,
				8622F80B1F172C06007BF9FD /* ListUserTableViewController.swift */,
				86BD4A321F176A8B00F51FFA /* Map-Bridging-Header.h */,
				86BD4A371F176FB800F51FFA /* MapViewController.swift */,
				86BD4A391F176FDC00F51FFA /* ChatViewController.swift */,
				86BD4A3B1F176FF300F51FFA /* SettingsViewController.swift */,
				86BD4A3D1F17721900F51FFA /* MenuViewController.swift */,
				86BD4A3F1F1778D200F51FFA /* ListFriendsTableViewController.swift */,
			);
			path = Controller;
			sourceTree = "<group>";
		};
		8622F8081F1727E0007BF9FD /* Cell */ = {
			isa = PBXGroup;
			children = (
				8622F8091F1727FB007BF9FD /* UserTableViewCell.swift */,
			);
			path = Cell;
			sourceTree = "<group>";
		};
		869113941F14E99900C69422 /* Helper */ = {
			isa = PBXGroup;
			children = (
				86B94E021F1DC84B00078C1B /* CountryCodes.json */,
				869113951F14E9B400C69422 /* ExtensionUIColor.swift */,
				86B94E081F1DCCA900078C1B /* Country.swift */,
			);
			path = Helper;
			sourceTree = "<group>";
		};
		8D51622F4364FCF19D3DD6B9 /* Pods */ = {
			isa = PBXGroup;
			children = (
				50BB585571737479B7B6A9CD /* Pods-Map.debug.xcconfig */,
				3DD52ED925223ACFB6D78F97 /* Pods-Map.release.xcconfig */,
			);
			name = Pods;
			sourceTree = "<group>";
		};
		987CA5E3A729F8E93B280BBC /* Frameworks */ = {
			isa = PBXGroup;
			children = (
				E9F922BB3E40B808B2AAA7C2 /* libPods-Map.a */,
			);
			name = Frameworks;
			sourceTree = "<group>";
		};
/* End PBXGroup section */

/* Begin PBXNativeTarget section */
		8613E3E91F14CBC300C3C8FF /* Map */ = {
			isa = PBXNativeTarget;
			buildConfigurationList = 8613E3FC1F14CBC300C3C8FF /* Build configuration list for PBXNativeTarget "Map" */;
			buildPhases = (
				22A287D41B17F55A6AAB7ED6 /* [CP] Check Pods Manifest.lock */,
				8613E3E61F14CBC300C3C8FF /* Sources */,
				8613E3E71F14CBC300C3C8FF /* Frameworks */,
				8613E3E81F14CBC300C3C8FF /* Resources */,
				5F374CFC11E463EADECFC0C2 /* [CP] Embed Pods Frameworks */,
				587FF9EA27C53B4B892C8F3F /* [CP] Copy Pods Resources */,
			);
			buildRules = (
			);
			dependencies = (
			);
			name = Map;
			productName = Map;
			productReference = 8613E3EA1F14CBC300C3C8FF /* Map.app */;
			productType = "com.apple.product-type.application";
		};
/* End PBXNativeTarget section */

/* Begin PBXProject section */
		8613E3E21F14CBC300C3C8FF /* Project object */ = {
			isa = PBXProject;
			attributes = {
				LastSwiftUpdateCheck = 0820;
				LastUpgradeCheck = 0820;
				ORGANIZATIONNAME = may985;
				TargetAttributes = {
					8613E3E91F14CBC300C3C8FF = {
						CreatedOnToolsVersion = 8.2.1;
						DevelopmentTeam = 4C3N299Z2T;
						LastSwiftMigration = 0820;
						ProvisioningStyle = Automatic;
					};
				};
			};
			buildConfigurationList = 8613E3E51F14CBC300C3C8FF /* Build configuration list for PBXProject "Map" */;
			compatibilityVersion = "Xcode 3.2";
			developmentRegion = English;
			hasScannedForEncodings = 0;
			knownRegions = (
				en,
				Base,
			);
			mainGroup = 8613E3E11F14CBC300C3C8FF;
			productRefGroup = 8613E3EB1F14CBC300C3C8FF /* Products */;
			projectDirPath = "";
			projectRoot = "";
			targets = (
				8613E3E91F14CBC300C3C8FF /* Map */,
			);
		};
/* End PBXProject section */

/* Begin PBXResourcesBuildPhase section */
		8613E3E81F14CBC300C3C8FF /* Resources */ = {
			isa = PBXResourcesBuildPhase;
			buildActionMask = 2147483647;
			files = (
				8613E3F81F14CBC300C3C8FF /* LaunchScreen.storyboard in Resources */,
				8613E3F51F14CBC300C3C8FF /* Assets.xcassets in Resources */,
				86DEDAAB1F2043E200DD1161 /* GoogleService-Info.plist in Resources */,
				8613E3F31F14CBC300C3C8FF /* Main.storyboard in Resources */,
				86B94E031F1DC84B00078C1B /* CountryCodes.json in Resources */,
			);
			runOnlyForDeploymentPostprocessing = 0;
		};
/* End PBXResourcesBuildPhase section */

/* Begin PBXShellScriptBuildPhase section */
		22A287D41B17F55A6AAB7ED6 /* [CP] Check Pods Manifest.lock */ = {
			isa = PBXShellScriptBuildPhase;
			buildActionMask = 2147483647;
			files = (
			);
			inputPaths = (
			);
			name = "[CP] Check Pods Manifest.lock";
			outputPaths = (
			);
			runOnlyForDeploymentPostprocessing = 0;
			shellPath = /bin/sh;
			shellScript = "diff \"${PODS_PODFILE_DIR_PATH}/Podfile.lock\" \"${PODS_ROOT}/Manifest.lock\" > /dev/null\nif [ $? != 0 ] ; then\n    # print error to STDERR\n    echo \"error: The sandbox is not in sync with the Podfile.lock. Run 'pod install' or update your CocoaPods installation.\" >&2\n    exit 1\nfi\n";
			showEnvVarsInLog = 0;
		};
		587FF9EA27C53B4B892C8F3F /* [CP] Copy Pods Resources */ = {
			isa = PBXShellScriptBuildPhase;
			buildActionMask = 2147483647;
			files = (
			);
			inputPaths = (
			);
			name = "[CP] Copy Pods Resources";
			outputPaths = (
			);
			runOnlyForDeploymentPostprocessing = 0;
			shellPath = /bin/sh;
			shellScript = "\"${SRCROOT}/Pods/Target Support Files/Pods-Map/Pods-Map-resources.sh\"\n";
			showEnvVarsInLog = 0;
		};
		5F374CFC11E463EADECFC0C2 /* [CP] Embed Pods Frameworks */ = {
			isa = PBXShellScriptBuildPhase;
			buildActionMask = 2147483647;
			files = (
			);
			inputPaths = (
			);
			name = "[CP] Embed Pods Frameworks";
			outputPaths = (
			);
			runOnlyForDeploymentPostprocessing = 0;
			shellPath = /bin/sh;
			shellScript = "\"${SRCROOT}/Pods/Target Support Files/Pods-Map/Pods-Map-frameworks.sh\"\n";
			showEnvVarsInLog = 0;
		};
/* End PBXShellScriptBuildPhase section */

/* Begin PBXSourcesBuildPhase section */
		8613E3E61F14CBC300C3C8FF /* Sources */ = {
			isa = PBXSourcesBuildPhase;
			buildActionMask = 2147483647;
			files = (
				86B94E091F1DCCA900078C1B /* Country.swift in Sources */,
				8622F8071F170A1A007BF9FD /* HomeViewController.swift in Sources */,
				869113931F14E7F000C69422 /* LoginViewController.swift in Sources */,
				86BD4A3C1F176FF300F51FFA /* SettingsViewController.swift in Sources */,
				86BD4A401F1778D200F51FFA /* ListFriendsTableViewController.swift in Sources */,
				8613E4051F14D31100C3C8FF /* SignupViewController.swift in Sources */,
				86BD4A361F176A8C00F51FFA /* SWRevealViewController.m in Sources */,
				86BD4A381F176FB800F51FFA /* MapViewController.swift in Sources */,
				8622F80C1F172C06007BF9FD /* ListUserTableViewController.swift in Sources */,
				86BD4A3E1F17721900F51FFA /* MenuViewController.swift in Sources */,
				8613E3EE1F14CBC300C3C8FF /* AppDelegate.swift in Sources */,
				8622F80A1F1727FB007BF9FD /* UserTableViewCell.swift in Sources */,
				86BD4A3A1F176FDC00F51FFA /* ChatViewController.swift in Sources */,
				869113961F14E9B400C69422 /* ExtensionUIColor.swift in Sources */,
			);
			runOnlyForDeploymentPostprocessing = 0;
		};
/* End PBXSourcesBuildPhase section */

/* Begin PBXVariantGroup section */
		8613E3F11F14CBC300C3C8FF /* Main.storyboard */ = {
			isa = PBXVariantGroup;
			children = (
				8613E3F21F14CBC300C3C8FF /* Base */,
			);
			name = Main.storyboard;
			sourceTree = "<group>";
		};
		8613E3F61F14CBC300C3C8FF /* LaunchScreen.storyboard */ = {
			isa = PBXVariantGroup;
			children = (
				8613E3F71F14CBC300C3C8FF /* Base */,
			);
			name = LaunchScreen.storyboard;
			sourceTree = "<group>";
		};
/* End PBXVariantGroup section */

/* Begin XCBuildConfiguration section */
		8613E3FA1F14CBC300C3C8FF /* Debug */ = {
			isa = XCBuildConfiguration;
			buildSettings = {
				ALWAYS_SEARCH_USER_PATHS = NO;
				CLANG_ANALYZER_NONNULL = YES;
				CLANG_CXX_LANGUAGE_STANDARD = "gnu++0x";
				CLANG_CXX_LIBRARY = "libc++";
				CLANG_ENABLE_MODULES = YES;
				CLANG_ENABLE_OBJC_ARC = YES;
				CLANG_WARN_BOOL_CONVERSION = YES;
				CLANG_WARN_CONSTANT_CONVERSION = YES;
				CLANG_WARN_DIRECT_OBJC_ISA_USAGE = YES_ERROR;
				CLANG_WARN_DOCUMENTATION_COMMENTS = YES;
				CLANG_WARN_EMPTY_BODY = YES;
				CLANG_WARN_ENUM_CONVERSION = YES;
				CLANG_WARN_INFINITE_RECURSION = YES;
				CLANG_WARN_INT_CONVERSION = YES;
				CLANG_WARN_OBJC_ROOT_CLASS = YES_ERROR;
				CLANG_WARN_SUSPICIOUS_MOVE = YES;
				CLANG_WARN_UNREACHABLE_CODE = YES;
				CLANG_WARN__DUPLICATE_METHOD_MATCH = YES;
				"CODE_SIGN_IDENTITY[sdk=iphoneos*]" = "iPhone Developer";
				COPY_PHASE_STRIP = NO;
				DEBUG_INFORMATION_FORMAT = dwarf;
				ENABLE_STRICT_OBJC_MSGSEND = YES;
				ENABLE_TESTABILITY = YES;
				GCC_C_LANGUAGE_STANDARD = gnu99;
				GCC_DYNAMIC_NO_PIC = NO;
				GCC_NO_COMMON_BLOCKS = YES;
				GCC_OPTIMIZATION_LEVEL = 0;
				GCC_PREPROCESSOR_DEFINITIONS = (
					"DEBUG=1",
					"$(inherited)",
				);
				GCC_WARN_64_TO_32_BIT_CONVERSION = YES;
				GCC_WARN_ABOUT_RETURN_TYPE = YES_ERROR;
				GCC_WARN_UNDECLARED_SELECTOR = YES;
				GCC_WARN_UNINITIALIZED_AUTOS = YES_AGGRESSIVE;
				GCC_WARN_UNUSED_FUNCTION = YES;
				GCC_WARN_UNUSED_VARIABLE = YES;
				IPHONEOS_DEPLOYMENT_TARGET = 10.2;
				MTL_ENABLE_DEBUG_INFO = YES;
				ONLY_ACTIVE_ARCH = YES;
				SDKROOT = iphoneos;
				SWIFT_ACTIVE_COMPILATION_CONDITIONS = DEBUG;
				SWIFT_OPTIMIZATION_LEVEL = "-Onone";
				TARGETED_DEVICE_FAMILY = "1,2";
			};
			name = Debug;
		};
		8613E3FB1F14CBC300C3C8FF /* Release */ = {
			isa = XCBuildConfiguration;
			buildSettings = {
				ALWAYS_SEARCH_USER_PATHS = NO;
				CLANG_ANALYZER_NONNULL = YES;
				CLANG_CXX_LANGUAGE_STANDARD = "gnu++0x";
				CLANG_CXX_LIBRARY = "libc++";
				CLANG_ENABLE_MODULES = YES;
				CLANG_ENABLE_OBJC_ARC = YES;
				CLANG_WARN_BOOL_CONVERSION = YES;
				CLANG_WARN_CONSTANT_CONVERSION = YES;
				CLANG_WARN_DIRECT_OBJC_ISA_USAGE = YES_ERROR;
				CLANG_WARN_DOCUMENTATION_COMMENTS = YES;
				CLANG_WARN_EMPTY_BODY = YES;
				CLANG_WARN_ENUM_CONVERSION = YES;
				CLANG_WARN_INFINITE_RECURSION = YES;
				CLANG_WARN_INT_CONVERSION = YES;
				CLANG_WARN_OBJC_ROOT_CLASS = YES_ERROR;
				CLANG_WARN_SUSPICIOUS_MOVE = YES;
				CLANG_WARN_UNREACHABLE_CODE = YES;
				CLANG_WARN__DUPLICATE_METHOD_MATCH = YES;
				"CODE_SIGN_IDENTITY[sdk=iphoneos*]" = "iPhone Developer";
				COPY_PHASE_STRIP = NO;
				DEBUG_INFORMATION_FORMAT = "dwarf-with-dsym";
				ENABLE_NS_ASSERTIONS = NO;
				ENABLE_STRICT_OBJC_MSGSEND = YES;
				GCC_C_LANGUAGE_STANDARD = gnu99;
				GCC_NO_COMMON_BLOCKS = YES;
				GCC_WARN_64_TO_32_BIT_CONVERSION = YES;
				GCC_WARN_ABOUT_RETURN_TYPE = YES_ERROR;
				GCC_WARN_UNDECLARED_SELECTOR = YES;
				GCC_WARN_UNINITIALIZED_AUTOS = YES_AGGRESSIVE;
				GCC_WARN_UNUSED_FUNCTION = YES;
				GCC_WARN_UNUSED_VARIABLE = YES;
				IPHONEOS_DEPLOYMENT_TARGET = 10.2;
				MTL_ENABLE_DEBUG_INFO = NO;
				SDKROOT = iphoneos;
				SWIFT_OPTIMIZATION_LEVEL = "-Owholemodule";
				TARGETED_DEVICE_FAMILY = "1,2";
				VALIDATE_PRODUCT = YES;
			};
			name = Release;
		};
		8613E3FD1F14CBC300C3C8FF /* Debug */ = {
			isa = XCBuildConfiguration;
			baseConfigurationReference = 50BB585571737479B7B6A9CD /* Pods-Map.debug.xcconfig */;
			buildSettings = {
				ASSETCATALOG_COMPILER_APPICON_NAME = AppIcon;
				CLANG_ENABLE_MODULES = YES;
				DEVELOPMENT_TEAM = 4C3N299Z2T;
				INFOPLIST_FILE = Map/Info.plist;
				IPHONEOS_DEPLOYMENT_TARGET = 9.0;
				LD_RUNPATH_SEARCH_PATHS = "$(inherited) @executable_path/Frameworks";
				PRODUCT_BUNDLE_IDENTIFIER = ahihi.ihaha.Map;
				PRODUCT_NAME = "$(TARGET_NAME)";
				SWIFT_OBJC_BRIDGING_HEADER = "Map/Controller/Map-Bridging-Header.h";
				SWIFT_OPTIMIZATION_LEVEL = "-Onone";
				SWIFT_VERSION = 3.0;
			};
			name = Debug;
		};
		8613E3FE1F14CBC300C3C8FF /* Release */ = {
			isa = XCBuildConfiguration;
			baseConfigurationReference = 3DD52ED925223ACFB6D78F97 /* Pods-Map.release.xcconfig */;
			buildSettings = {
				ASSETCATALOG_COMPILER_APPICON_NAME = AppIcon;
				CLANG_ENABLE_MODULES = YES;
				DEVELOPMENT_TEAM = 4C3N299Z2T;
				INFOPLIST_FILE = Map/Info.plist;
				IPHONEOS_DEPLOYMENT_TARGET = 9.0;
				LD_RUNPATH_SEARCH_PATHS = "$(inherited) @executable_path/Frameworks";
				PRODUCT_BUNDLE_IDENTIFIER = ahihi.ihaha.Map;
				PRODUCT_NAME = "$(TARGET_NAME)";
				SWIFT_OBJC_BRIDGING_HEADER = "Map/Controller/Map-Bridging-Header.h";
				SWIFT_VERSION = 3.0;
			};
			name = Release;
		};
/* End XCBuildConfiguration section */

/* Begin XCConfigurationList section */
		8613E3E51F14CBC300C3C8FF /* Build configuration list for PBXProject "Map" */ = {
			isa = XCConfigurationList;
			buildConfigurations = (
				8613E3FA1F14CBC300C3C8FF /* Debug */,
				8613E3FB1F14CBC300C3C8FF /* Release */,
			);
			defaultConfigurationIsVisible = 0;
			defaultConfigurationName = Release;
		};
		8613E3FC1F14CBC300C3C8FF /* Build configuration list for PBXNativeTarget "Map" */ = {
			isa = XCConfigurationList;
			buildConfigurations = (
				8613E3FD1F14CBC300C3C8FF /* Debug */,
				8613E3FE1F14CBC300C3C8FF /* Release */,
			);
			defaultConfigurationIsVisible = 0;
			defaultConfigurationName = Release;
		};
/* End XCConfigurationList section */
	};
	rootObject = 8613E3E21F14CBC300C3C8FF /* Project object */;
}
